// !$*UTF8*$!
{
	archiveVersion = 1;
	classes = {
	};
	objectVersion = 56;
	objects = {

/* Begin PBXBuildFile section */
		A10000000000000000000001 /* VibeStickForMacApp.swift in Sources */ = {isa = PBXBuildFile; fileRef = A20000000000000000000001 /* VibeStickForMacApp.swift */; };
		A10000000000000000000002 /* AppModel.swift in Sources */ = {isa = PBXBuildFile; fileRef = A20000000000000000000002 /* AppModel.swift */; };
		A10000000000000000000003 /* Models.swift in Sources */ = {isa = PBXBuildFile; fileRef = A20000000000000000000003 /* Models.swift */; };
		A10000000000000000000004 /* Infrastructure.swift in Sources */ = {isa = PBXBuildFile; fileRef = A20000000000000000000004 /* Infrastructure.swift */; };
		A10000000000000000000005 /* BridgeClient.swift in Sources */ = {isa = PBXBuildFile; fileRef = A20000000000000000000005 /* BridgeClient.swift */; };
		A10000000000000000000006 /* RuntimeServiceManager.swift in Sources */ = {isa = PBXBuildFile; fileRef = A20000000000000000000006 /* RuntimeServiceManager.swift */; };
		A10000000000000000000007 /* VibeStickStyle.swift in Sources */ = {isa = PBXBuildFile; fileRef = A20000000000000000000007 /* VibeStickStyle.swift */; };
		A10000000000000000000008 /* RootView.swift in Sources */ = {isa = PBXBuildFile; fileRef = A20000000000000000000008 /* RootView.swift */; };
		A10000000000000000000009 /* DashboardView.swift in Sources */ = {isa = PBXBuildFile; fileRef = A20000000000000000000009 /* DashboardView.swift */; };
		A1000000000000000000000A /* ConnectionAndRuntimeView.swift in Sources */ = {isa = PBXBuildFile; fileRef = A2000000000000000000000A /* ConnectionAndRuntimeView.swift */; };
		A1000000000000000000000B /* SectionViews.swift in Sources */ = {isa = PBXBuildFile; fileRef = A2000000000000000000000B /* SectionViews.swift */; };
		A1000000000000000000000C /* VibeStickAppTests.swift in Sources */ = {isa = PBXBuildFile; fileRef = A2000000000000000000000D /* VibeStickAppTests.swift */; };
		A1000000000000000000000D /* main.swift in Sources */ = {isa = PBXBuildFile; fileRef = A2000000000000000000000E /* main.swift */; };
		A1000000000000000000000E /* main.swift in Sources */ = {isa = PBXBuildFile; fileRef = A20000000000000000000010 /* main.swift */; };
		A1000000000000000000000F /* main.swift in Sources */ = {isa = PBXBuildFile; fileRef = A20000000000000000000012 /* main.swift */; };
		A10000000000000000000010 /* AppKit.framework in Frameworks */ = {isa = PBXBuildFile; fileRef = A20000000000000000000018 /* AppKit.framework */; };
		A10000000000000000000011 /* Security.framework in Frameworks */ = {isa = PBXBuildFile; fileRef = A20000000000000000000019 /* Security.framework */; };
		A10000000000000000000012 /* ServiceManagement.framework in Frameworks */ = {isa = PBXBuildFile; fileRef = A2000000000000000000001A /* ServiceManagement.framework */; };
		A10000000000000000000013 /* AppKit.framework in Frameworks */ = {isa = PBXBuildFile; fileRef = A20000000000000000000018 /* AppKit.framework */; };
		A10000000000000000000014 /* QuartzCore.framework in Frameworks */ = {isa = PBXBuildFile; fileRef = A2000000000000000000001B /* QuartzCore.framework */; };
		A10000000000000000000015 /* AppKit.framework in Frameworks */ = {isa = PBXBuildFile; fileRef = A20000000000000000000018 /* AppKit.framework */; };
		A10000000000000000000016 /* ApplicationServices.framework in Frameworks */ = {isa = PBXBuildFile; fileRef = A2000000000000000000001C /* ApplicationServices.framework */; };
		A10000000000000000000017 /* TestableLogic.swift in Sources */ = {isa = PBXBuildFile; fileRef = A2000000000000000000001E /* TestableLogic.swift */; };
		A10000000000000000000018 /* Models.swift in Sources */ = {isa = PBXBuildFile; fileRef = A20000000000000000000003 /* Models.swift */; };
		A10000000000000000000019 /* VibeStickStyle.swift in Sources */ = {isa = PBXBuildFile; fileRef = A20000000000000000000007 /* VibeStickStyle.swift */; };
		A1000000000000000000001A /* TestableLogic.swift in Sources */ = {isa = PBXBuildFile; fileRef = A2000000000000000000001E /* TestableLogic.swift */; };
		A1000000000000000000001B /* Infrastructure.swift in Sources */ = {isa = PBXBuildFile; fileRef = A20000000000000000000004 /* Infrastructure.swift */; };
		A1000000000000000000001C /* AppKit.framework in Frameworks */ = {isa = PBXBuildFile; fileRef = A20000000000000000000018 /* AppKit.framework */; };
		A1000000000000000000001D /* Security.framework in Frameworks */ = {isa = PBXBuildFile; fileRef = A20000000000000000000019 /* Security.framework */; };
		A1000000000000000000001E /* ServiceManagement.framework in Frameworks */ = {isa = PBXBuildFile; fileRef = A2000000000000000000001A /* ServiceManagement.framework */; };
		A1000000000000000000001F /* Assets.xcassets in Resources */ = {isa = PBXBuildFile; fileRef = A2000000000000000000001F /* Assets.xcassets */; };
/* End PBXBuildFile section */

/* Begin PBXContainerItemProxy section */
		A30000000000000000000001 /* PBXContainerItemProxy */ = {
			isa = PBXContainerItemProxy;
			containerPortal = A40000000000000000000001 /* Project object */;
			proxyType = 1;
			remoteGlobalIDString = A50000000000000000000001;
			remoteInfo = VibeStickForMac;
		};
/* End PBXContainerItemProxy section */

/* Begin PBXFileReference section */
		A20000000000000000000001 /* VibeStickForMacApp.swift */ = {isa = PBXFileReference; lastKnownFileType = sourcecode.swift; path = VibeStickForMacApp.swift; sourceTree = "<group>"; };
		A20000000000000000000002 /* AppModel.swift */ = {isa = PBXFileReference; lastKnownFileType = sourcecode.swift; path = AppModel.swift; sourceTree = "<group>"; };
		A20000000000000000000003 /* Models.swift */ = {isa = PBXFileReference; lastKnownFileType = sourcecode.swift; path = Models.swift; sourceTree = "<group>"; };
		A20000000000000000000004 /* Infrastructure.swift */ = {isa = PBXFileReference; lastKnownFileType = sourcecode.swift; path = Infrastructure.swift; sourceTree = "<group>"; };
		A20000000000000000000005 /* BridgeClient.swift */ = {isa = PBXFileReference; lastKnownFileType = sourcecode.swift; path = BridgeClient.swift; sourceTree = "<group>"; };
		A20000000000000000000006 /* RuntimeServiceManager.swift */ = {isa = PBXFileReference; lastKnownFileType = sourcecode.swift; path = RuntimeServiceManager.swift; sourceTree = "<group>"; };
		A20000000000000000000007 /* VibeStickStyle.swift */ = {isa = PBXFileReference; lastKnownFileType = sourcecode.swift; path = VibeStickStyle.swift; sourceTree = "<group>"; };
		A20000000000000000000008 /* RootView.swift */ = {isa = PBXFileReference; lastKnownFileType = sourcecode.swift; path = RootView.swift; sourceTree = "<group>"; };
		A20000000000000000000009 /* DashboardView.swift */ = {isa = PBXFileReference; lastKnownFileType = sourcecode.swift; path = DashboardView.swift; sourceTree = "<group>"; };
		A2000000000000000000000A /* ConnectionAndRuntimeView.swift */ = {isa = PBXFileReference; lastKnownFileType = sourcecode.swift; path = ConnectionAndRuntimeView.swift; sourceTree = "<group>"; };
		A2000000000000000000000B /* SectionViews.swift */ = {isa = PBXFileReference; lastKnownFileType = sourcecode.swift; path = SectionViews.swift; sourceTree = "<group>"; };
		A2000000000000000000000C /* Info.plist */ = {isa = PBXFileReference; lastKnownFileType = text.plist.xml; path = Info.plist; sourceTree = "<group>"; };
		A2000000000000000000000D /* VibeStickAppTests.swift */ = {isa = PBXFileReference; lastKnownFileType = sourcecode.swift; path = VibeStickAppTests.swift; sourceTree = "<group>"; };
		A2000000000000000000000E /* main.swift */ = {isa = PBXFileReference; lastKnownFileType = sourcecode.swift; path = main.swift; sourceTree = "<group>"; };
		A2000000000000000000000F /* Info.plist */ = {isa = PBXFileReference; lastKnownFileType = text.plist.xml; path = Info.plist; sourceTree = "<group>"; };
		A20000000000000000000010 /* main.swift */ = {isa = PBXFileReference; lastKnownFileType = sourcecode.swift; path = main.swift; sourceTree = "<group>"; };
		A20000000000000000000011 /* Info.plist */ = {isa = PBXFileReference; lastKnownFileType = text.plist.xml; path = Info.plist; sourceTree = "<group>"; };
		A20000000000000000000012 /* main.swift */ = {isa = PBXFileReference; lastKnownFileType = sourcecode.swift; path = main.swift; sourceTree = "<group>"; };
		A20000000000000000000013 /* Info.plist */ = {isa = PBXFileReference; lastKnownFileType = text.plist.xml; path = Info.plist; sourceTree = "<group>"; };
		A20000000000000000000014 /* VibeStick for Mac.app */ = {isa = PBXFileReference; explicitFileType = wrapper.application; includeInIndex = 0; path = "VibeStick for Mac.app"; sourceTree = BUILT_PRODUCTS_DIR; };
		A20000000000000000000015 /* VibeStickForMacTests.xctest */ = {isa = PBXFileReference; explicitFileType = wrapper.cfbundle; includeInIndex = 0; path = VibeStickForMacTests.xctest; sourceTree = BUILT_PRODUCTS_DIR; };
		A20000000000000000000016 /* VibeStick Bridge.app */ = {isa = PBXFileReference; explicitFileType = wrapper.application; includeInIndex = 0; path = "VibeStick Bridge.app"; sourceTree = BUILT_PRODUCTS_DIR; };
		A20000000000000000000017 /* VibeStick HUD.app */ = {isa = PBXFileReference; explicitFileType = wrapper.application; includeInIndex = 0; path = "VibeStick HUD.app"; sourceTree = BUILT_PRODUCTS_DIR; };
		A2000000000000000000001D /* VibeStick Paste.app */ = {isa = PBXFileReference; explicitFileType = wrapper.application; includeInIndex = 0; path = "VibeStick Paste.app"; sourceTree = BUILT_PRODUCTS_DIR; };
		A20000000000000000000018 /* AppKit.framework */ = {isa = PBXFileReference; lastKnownFileType = wrapper.framework; name = AppKit.framework; path = System/Library/Frameworks/AppKit.framework; sourceTree = SDKROOT; };
		A20000000000000000000019 /* Security.framework */ = {isa = PBXFileReference; lastKnownFileType = wrapper.framework; name = Security.framework; path = System/Library/Frameworks/Security.framework; sourceTree = SDKROOT; };
		A2000000000000000000001A /* ServiceManagement.framework */ = {isa = PBXFileReference; lastKnownFileType = wrapper.framework; name = ServiceManagement.framework; path = System/Library/Frameworks/ServiceManagement.framework; sourceTree = SDKROOT; };
		A2000000000000000000001B /* QuartzCore.framework */ = {isa = PBXFileReference; lastKnownFileType = wrapper.framework; name = QuartzCore.framework; path = System/Library/Frameworks/QuartzCore.framework; sourceTree = SDKROOT; };
		A2000000000000000000001C /* ApplicationServices.framework */ = {isa = PBXFileReference; lastKnownFileType = wrapper.framework; name = ApplicationServices.framework; path = System/Library/Frameworks/ApplicationServices.framework; sourceTree = SDKROOT; };
		A2000000000000000000001E /* TestableLogic.swift */ = {isa = PBXFileReference; lastKnownFileType = sourcecode.swift; path = TestableLogic.swift; sourceTree = "<group>"; };
		A2000000000000000000001F /* Assets.xcassets */ = {isa = PBXFileReference; lastKnownFileType = folder.assetcatalog; path = Assets.xcassets; sourceTree = "<group>"; };
/* End PBXFileReference section */

/* Begin PBXFrameworksBuildPhase section */
		A60000000000000000000001 /* Frameworks */ = {
			isa = PBXFrameworksBuildPhase;
			buildActionMask = 2147483647;
			files = (
				A10000000000000000000010 /* AppKit.framework in Frameworks */,
				A10000000000000000000011 /* Security.framework in Frameworks */,
				A10000000000000000000012 /* ServiceManagement.framework in Frameworks */,
			);
			runOnlyForDeploymentPostprocessing = 0;
		};
		A60000000000000000000002 /* Frameworks */ = {isa = PBXFrameworksBuildPhase; buildActionMask = 2147483647; files = (A1000000000000000000001C /* AppKit.framework in Frameworks */, A1000000000000000000001D /* Security.framework in Frameworks */, A1000000000000000000001E /* ServiceManagement.framework in Frameworks */,); runOnlyForDeploymentPostprocessing = 0; };
		A60000000000000000000003 /* Frameworks */ = {isa = PBXFrameworksBuildPhase; buildActionMask = 2147483647; files = (); runOnlyForDeploymentPostprocessing = 0; };
		A60000000000000000000004 /* Frameworks */ = {
			isa = PBXFrameworksBuildPhase;
			buildActionMask = 2147483647;
			files = (
				A10000000000000000000013 /* AppKit.framework in Frameworks */,
				A10000000000000000000014 /* QuartzCore.framework in Frameworks */,
			);
			runOnlyForDeploymentPostprocessing = 0;
		};
		A60000000000000000000005 /* Frameworks */ = {
			isa = PBXFrameworksBuildPhase;
			buildActionMask = 2147483647;
			files = (
				A10000000000000000000015 /* AppKit.framework in Frameworks */,
				A10000000000000000000016 /* ApplicationServices.framework in Frameworks */,
			);
			runOnlyForDeploymentPostprocessing = 0;
		};
/* End PBXFrameworksBuildPhase section */

/* Begin PBXGroup section */
		A70000000000000000000001 = {
			isa = PBXGroup;
			children = (
				A70000000000000000000003 /* VibeStickApp */,
				A70000000000000000000009 /* VibeStickAppTests */,
				A7000000000000000000000A /* VibeStickBridge */,
				A7000000000000000000000B /* VibeStickHUD */,
				A7000000000000000000000C /* VibeStickPaste */,
				A7000000000000000000000D /* Frameworks */,
				A70000000000000000000002 /* Products */,
			);
			sourceTree = "<group>";
		};
		A70000000000000000000002 /* Products */ = {
			isa = PBXGroup;
			children = (
				A20000000000000000000014 /* VibeStick for Mac.app */,
				A20000000000000000000015 /* VibeStickForMacTests.xctest */,
				A20000000000000000000016 /* VibeStick Bridge.app */,
				A20000000000000000000017 /* VibeStick HUD.app */,
				A2000000000000000000001D /* VibeStick Paste.app */,
			);
			name = Products;
			sourceTree = "<group>";
		};
		A70000000000000000000003 /* VibeStickApp */ = {
			isa = PBXGroup;
			children = (
				A70000000000000000000004 /* App */,
				A70000000000000000000005 /* Core */,
				A70000000000000000000006 /* Features */,
				A70000000000000000000007 /* Shared */,
				A70000000000000000000008 /* Resources */,
			);
			path = VibeStickApp;
			sourceTree = "<group>";
		};
		A70000000000000000000004 /* App */ = {
			isa = PBXGroup;
			children = (
				A20000000000000000000001 /* VibeStickForMacApp.swift */,
				A20000000000000000000002 /* AppModel.swift */,
			);
			path = App;
			sourceTree = "<group>";
		};
		A70000000000000000000005 /* Core */ = {
			isa = PBXGroup;
			children = (
				A20000000000000000000003 /* Models.swift */,
				A20000000000000000000004 /* Infrastructure.swift */,
				A20000000000000000000005 /* BridgeClient.swift */,
				A20000000000000000000006 /* RuntimeServiceManager.swift */,
				A2000000000000000000001E /* TestableLogic.swift */,
			);
			path = Core;
			sourceTree = "<group>";
		};
		A70000000000000000000006 /* Features */ = {
			isa = PBXGroup;
			children = (
				A20000000000000000000008 /* RootView.swift */,
				A20000000000000000000009 /* DashboardView.swift */,
				A2000000000000000000000A /* ConnectionAndRuntimeView.swift */,
				A2000000000000000000000B /* SectionViews.swift */,
			);
			path = Features;
			sourceTree = "<group>";
		};
		A70000000000000000000007 /* Shared */ = {
			isa = PBXGroup;
			children = (A20000000000000000000007 /* VibeStickStyle.swift */,);
			path = Shared;
			sourceTree = "<group>";
		};
		A70000000000000000000008 /* Resources */ = {
			isa = PBXGroup;
			children = (
				A2000000000000000000000C /* Info.plist */,
				A2000000000000000000001F /* Assets.xcassets */,
			);
			path = Resources;
			sourceTree = "<group>";
		};
		A70000000000000000000009 /* VibeStickAppTests */ = {
			isa = PBXGroup;
			children = (A2000000000000000000000D /* VibeStickAppTests.swift */,);
			path = VibeStickAppTests;
			sourceTree = "<group>";
		};
		A7000000000000000000000A /* VibeStickBridge */ = {
			isa = PBXGroup;
			children = (A2000000000000000000000E /* main.swift */, A2000000000000000000000F /* Info.plist */,);
			path = VibeStickBridge;
			sourceTree = "<group>";
		};
		A7000000000000000000000B /* VibeStickHUD */ = {
			isa = PBXGroup;
			children = (A20000000000000000000010 /* main.swift */, A20000000000000000000011 /* Info.plist */,);
			path = VibeStickHUD;
			sourceTree = "<group>";
		};
		A7000000000000000000000C /* VibeStickPaste */ = {
			isa = PBXGroup;
			children = (A20000000000000000000012 /* main.swift */, A20000000000000000000013 /* Info.plist */,);
			path = VibeStickPaste;
			sourceTree = "<group>";
		};
		A7000000000000000000000D /* Frameworks */ = {
			isa = PBXGroup;
			children = (
				A20000000000000000000018 /* AppKit.framework */,
				A20000000000000000000019 /* Security.framework */,
				A2000000000000000000001A /* ServiceManagement.framework */,
				A2000000000000000000001B /* QuartzCore.framework */,
				A2000000000000000000001C /* ApplicationServices.framework */,
			);
			name = Frameworks;
			sourceTree = "<group>";
		};
/* End PBXGroup section */

/* Begin PBXNativeTarget section */
		A50000000000000000000001 /* VibeStickForMac */ = {
			isa = PBXNativeTarget;
			buildConfigurationList = A80000000000000000000001 /* Build configuration list for PBXNativeTarget "VibeStickForMac" */;
			buildPhases = (A90000000000000000000001 /* Sources */, A60000000000000000000001 /* Frameworks */, AA0000000000000000000001 /* Resources */,);
			buildRules = ();
			dependencies = ();
			name = VibeStickForMac;
			productName = "VibeStick for Mac";
			productReference = A20000000000000000000014 /* VibeStick for Mac.app */;
			productType = "com.apple.product-type.application";
		};
		A50000000000000000000002 /* VibeStickForMacTests */ = {
			isa = PBXNativeTarget;
			buildConfigurationList = A80000000000000000000002 /* Build configuration list for PBXNativeTarget "VibeStickForMacTests" */;
			buildPhases = (A90000000000000000000002 /* Sources */, A60000000000000000000002 /* Frameworks */, AA0000000000000000000002 /* Resources */,);
			buildRules = ();
			dependencies = ();
			name = VibeStickForMacTests;
			productName = VibeStickForMacTests;
			productReference = A20000000000000000000015 /* VibeStickForMacTests.xctest */;
			productType = "com.apple.product-type.bundle.unit-test";
		};
		A50000000000000000000003 /* VibeStickBridge */ = {
			isa = PBXNativeTarget;
			buildConfigurationList = A80000000000000000000003 /* Build configuration list for PBXNativeTarget "VibeStickBridge" */;
			buildPhases = (A90000000000000000000003 /* Sources */, A60000000000000000000003 /* Frameworks */, AA0000000000000000000003 /* Resources */,);
			buildRules = ();
			dependencies = ();
			name = VibeStickBridge;
			productName = "VibeStick Bridge";
			productReference = A20000000000000000000016 /* VibeStick Bridge.app */;
			productType = "com.apple.product-type.application";
		};
		A50000000000000000000004 /* VibeStickHUD */ = {
			isa = PBXNativeTarget;
			buildConfigurationList = A80000000000000000000004 /* Build configuration list for PBXNativeTarget "VibeStickHUD" */;
			buildPhases = (A90000000000000000000004 /* Sources */, A60000000000000000000004 /* Frameworks */, AA0000000000000000000004 /* Resources */,);
			buildRules = ();
			dependencies = ();
			name = VibeStickHUD;
			productName = "VibeStick HUD";
			productReference = A20000000000000000000017 /* VibeStick HUD.app */;
			productType = "com.apple.product-type.application";
		};
		A50000000000000000000005 /* VibeStickPaste */ = {
			isa = PBXNativeTarget;
			buildConfigurationList = A80000000000000000000005 /* Build configuration list for PBXNativeTarget "VibeStickPaste" */;
			buildPhases = (A90000000000000000000005 /* Sources */, A60000000000000000000005 /* Frameworks */, AA0000000000000000000005 /* Resources */,);
			buildRules = ();
			dependencies = ();
			name = VibeStickPaste;
			productName = "VibeStick Paste";
			productReference = A2000000000000000000001D /* VibeStick Paste.app */;
			productType = "com.apple.product-type.application";
		};
/* End PBXNativeTarget section */

/* Begin PBXProject section */
		A40000000000000000000001 /* Project object */ = {
			isa = PBXProject;
			attributes = {
				BuildIndependentTargetsInParallel = 1;
				LastSwiftUpdateCheck = 2660;
				LastUpgradeCheck = 2660;
				TargetAttributes = {
					A50000000000000000000001 = {CreatedOnToolsVersion = 26.0;};
					A50000000000000000000002 = {CreatedOnToolsVersion = 26.0;};
					A50000000000000000000003 = {CreatedOnToolsVersion = 26.0;};
					A50000000000000000000004 = {CreatedOnToolsVersion = 26.0;};
					A50000000000000000000005 = {CreatedOnToolsVersion = 26.0;};
				};
			};
			buildConfigurationList = A80000000000000000000006 /* Build configuration list for PBXProject "VibeStick" */;
			compatibilityVersion = "Xcode 14.0";
			developmentRegion = en;
			hasScannedForEncodings = 0;
			knownRegions = (en, Base, zh-Hans,);
			mainGroup = A70000000000000000000001;
			productRefGroup = A70000000000000000000002 /* Products */;
			projectDirPath = "";
			projectRoot = "";
			targets = (
				A50000000000000000000001 /* VibeStickForMac */,
				A50000000000000000000002 /* VibeStickForMacTests */,
				A50000000000000000000003 /* VibeStickBridge */,
				A50000000000000000000004 /* VibeStickHUD */,
				A50000000000000000000005 /* VibeStickPaste */,
			);
		};
/* End PBXProject section */

/* Begin PBXResourcesBuildPhase section */
		AA0000000000000000000001 /* Resources */ = {isa = PBXResourcesBuildPhase; buildActionMask = 2147483647; files = (A1000000000000000000001F /* Assets.xcassets in Resources */,); runOnlyForDeploymentPostprocessing = 0; };
		AA0000000000000000000002 /* Resources */ = {isa = PBXResourcesBuildPhase; buildActionMask = 2147483647; files = (); runOnlyForDeploymentPostprocessing = 0; };
		AA0000000000000000000003 /* Resources */ = {isa = PBXResourcesBuildPhase; buildActionMask = 2147483647; files = (); runOnlyForDeploymentPostprocessing = 0; };
		AA0000000000000000000004 /* Resources */ = {isa = PBXResourcesBuildPhase; buildActionMask = 2147483647; files = (); runOnlyForDeploymentPostprocessing = 0; };
		AA0000000000000000000005 /* Resources */ = {isa = PBXResourcesBuildPhase; buildActionMask = 2147483647; files = (); runOnlyForDeploymentPostprocessing = 0; };
/* End PBXResourcesBuildPhase section */

/* Begin PBXSourcesBuildPhase section */
		A90000000000000000000001 /* Sources */ = {
			isa = PBXSourcesBuildPhase;
			buildActionMask = 2147483647;
			files = (
				A10000000000000000000001 /* VibeStickForMacApp.swift in Sources */,
				A10000000000000000000002 /* AppModel.swift in Sources */,
				A10000000000000000000003 /* Models.swift in Sources */,
				A10000000000000000000004 /* Infrastructure.swift in Sources */,
				A10000000000000000000005 /* BridgeClient.swift in Sources */,
				A10000000000000000000006 /* RuntimeServiceManager.swift in Sources */,
				A10000000000000000000017 /* TestableLogic.swift in Sources */,
				A10000000000000000000007 /* VibeStickStyle.swift in Sources */,
				A10000000000000000000008 /* RootView.swift in Sources */,
				A10000000000000000000009 /* DashboardView.swift in Sources */,
				A1000000000000000000000A /* ConnectionAndRuntimeView.swift in Sources */,
				A1000000000000000000000B /* SectionViews.swift in Sources */,
			);
			runOnlyForDeploymentPostprocessing = 0;
		};
		A90000000000000000000002 /* Sources */ = {isa = PBXSourcesBuildPhase; buildActionMask = 2147483647; files = (A1000000000000000000000C /* VibeStickAppTests.swift in Sources */, A10000000000000000000018 /* Models.swift in Sources */, A10000000000000000000019 /* VibeStickStyle.swift in Sources */, A1000000000000000000001A /* TestableLogic.swift in Sources */, A1000000000000000000001B /* Infrastructure.swift in Sources */,); runOnlyForDeploymentPostprocessing = 0; };
		A90000000000000000000003 /* Sources */ = {isa = PBXSourcesBuildPhase; buildActionMask = 2147483647; files = (A1000000000000000000000D /* main.swift in Sources */,); runOnlyForDeploymentPostprocessing = 0; };
		A90000000000000000000004 /* Sources */ = {isa = PBXSourcesBuildPhase; buildActionMask = 2147483647; files = (A1000000000000000000000E /* main.swift in Sources */,); runOnlyForDeploymentPostprocessing = 0; };
		A90000000000000000000005 /* Sources */ = {isa = PBXSourcesBuildPhase; buildActionMask = 2147483647; files = (A1000000000000000000000F /* main.swift in Sources */,); runOnlyForDeploymentPostprocessing = 0; };
/* End PBXSourcesBuildPhase section */

/* Begin PBXTargetDependency section */
		AB0000000000000000000001 /* PBXTargetDependency */ = {isa = PBXTargetDependency; target = A50000000000000000000001 /* VibeStickForMac */; targetProxy = A30000000000000000000001 /* PBXContainerItemProxy */; };
/* End PBXTargetDependency section */

/* Begin XCBuildConfiguration section */
		AC0000000000000000000001 /* Debug */ = {isa = XCBuildConfiguration; buildSettings = {
			ALWAYS_SEARCH_USER_PATHS = NO;
			ARCHS = arm64;
			CLANG_ENABLE_MODULES = YES;
			CLANG_ENABLE_OBJC_ARC = YES;
			COPY_PHASE_STRIP = NO;
			DEBUG_INFORMATION_FORMAT = dwarf;
			ENABLE_STRICT_OBJC_MSGSEND = YES;
			ENABLE_TESTABILITY = YES;
			GCC_C_LANGUAGE_STANDARD = gnu17;
			GCC_NO_COMMON_BLOCKS = YES;
			MACOSX_DEPLOYMENT_TARGET = 15.0;
			MTL_ENABLE_DEBUG_INFO = INCLUDE_SOURCE;
			ONLY_ACTIVE_ARCH = YES;
			SDKROOT = macosx;
			SWIFT_ACTIVE_COMPILATION_CONDITIONS = DEBUG;
			SWIFT_OPTIMIZATION_LEVEL = "-Onone";
		}; name = Debug; };
		AC0000000000000000000002 /* Release */ = {isa = XCBuildConfiguration; buildSettings = {
			ALWAYS_SEARCH_USER_PATHS = NO;
			ARCHS = arm64;
			CLANG_ENABLE_MODULES = YES;
			CLANG_ENABLE_OBJC_ARC = YES;
			COPY_PHASE_STRIP = YES;
			DEBUG_INFORMATION_FORMAT = "dwarf-with-dsym";
			ENABLE_NS_ASSERTIONS = NO;
			ENABLE_STRICT_OBJC_MSGSEND = YES;
			GCC_C_LANGUAGE_STANDARD = gnu17;
			GCC_NO_COMMON_BLOCKS = YES;
			MACOSX_DEPLOYMENT_TARGET = 15.0;
			SDKROOT = macosx;
			SWIFT_COMPILATION_MODE = wholemodule;
			SWIFT_OPTIMIZATION_LEVEL = "-O";
			VALIDATE_PRODUCT = YES;
		}; name = Release; };

		AC0000000000000000000010 /* Debug */ = {isa = XCBuildConfiguration; buildSettings = {
			ASSETCATALOG_COMPILER_APPICON_NAME = AppIcon;
			CODE_SIGN_IDENTITY = "-";
			CODE_SIGN_STYLE = Manual;
			CURRENT_PROJECT_VERSION = 1;
			ENABLE_APP_SANDBOX = NO;
			GENERATE_INFOPLIST_FILE = NO;
			INFOPLIST_FILE = VibeStickApp/Resources/Info.plist;
			LD_RUNPATH_SEARCH_PATHS = "$(inherited) @executable_path/../Frameworks";
			MARKETING_VERSION = 0.2.0;
			PRODUCT_BUNDLE_IDENTIFIER = io.github.hanminyin.vibestick;
			PRODUCT_MODULE_NAME = VibeStickForMac;
			PRODUCT_NAME = "VibeStick for Mac";
			SWIFT_EMIT_LOC_STRINGS = YES;
			SWIFT_STRICT_CONCURRENCY = complete;
			SWIFT_VERSION = 6.0;
		}; name = Debug; };
		AC0000000000000000000011 /* Release */ = {isa = XCBuildConfiguration; buildSettings = {
			ASSETCATALOG_COMPILER_APPICON_NAME = AppIcon;
			CODE_SIGN_IDENTITY = "-";
			CODE_SIGN_STYLE = Manual;
			CURRENT_PROJECT_VERSION = 1;
			ENABLE_APP_SANDBOX = NO;
			GENERATE_INFOPLIST_FILE = NO;
			INFOPLIST_FILE = VibeStickApp/Resources/Info.plist;
			LD_RUNPATH_SEARCH_PATHS = "$(inherited) @executable_path/../Frameworks";
			MARKETING_VERSION = 0.2.0;
			PRODUCT_BUNDLE_IDENTIFIER = io.github.hanminyin.vibestick;
			PRODUCT_MODULE_NAME = VibeStickForMac;
			PRODUCT_NAME = "VibeStick for Mac";
			SWIFT_EMIT_LOC_STRINGS = YES;
			SWIFT_STRICT_CONCURRENCY = complete;
			SWIFT_VERSION = 6.0;
		}; name = Release; };

		AC0000000000000000000020 /* Debug */ = {isa = XCBuildConfiguration; buildSettings = {
			CODE_SIGN_IDENTITY = "-";
			CODE_SIGN_STYLE = Manual;
			BUNDLE_LOADER = "";
			GENERATE_INFOPLIST_FILE = YES;
			PRODUCT_BUNDLE_IDENTIFIER = io.github.hanminyin.vibestick.tests;
			PRODUCT_NAME = "$(TARGET_NAME)";
			SWIFT_STRICT_CONCURRENCY = complete;
			SWIFT_VERSION = 6.0;
			TEST_HOST = "";
		}; name = Debug; };
		AC0000000000000000000021 /* Release */ = {isa = XCBuildConfiguration; buildSettings = {
			CODE_SIGN_IDENTITY = "-";
			CODE_SIGN_STYLE = Manual;
			BUNDLE_LOADER = "";
			GENERATE_INFOPLIST_FILE = YES;
			PRODUCT_BUNDLE_IDENTIFIER = io.github.hanminyin.vibestick.tests;
			PRODUCT_NAME = "$(TARGET_NAME)";
			SWIFT_STRICT_CONCURRENCY = complete;
			SWIFT_VERSION = 6.0;
			TEST_HOST = "";
		}; name = Release; };

		AC0000000000000000000030 /* Debug */ = {isa = XCBuildConfiguration; buildSettings = {CODE_SIGN_IDENTITY = "-"; CODE_SIGN_STYLE = Manual; ENABLE_APP_SANDBOX = NO; EXECUTABLE_NAME = VibeStickBridge; GENERATE_INFOPLIST_FILE = NO; INFOPLIST_FILE = VibeStickBridge/Info.plist; PRODUCT_BUNDLE_IDENTIFIER = com.vibestick.bridge.agent; PRODUCT_NAME = "VibeStick Bridge"; SWIFT_STRICT_CONCURRENCY = minimal; SWIFT_VERSION = 5.0;}; name = Debug; };
		AC0000000000000000000031 /* Release */ = {isa = XCBuildConfiguration; buildSettings = {CODE_SIGN_IDENTITY = "-"; CODE_SIGN_STYLE = Manual; ENABLE_APP_SANDBOX = NO; EXECUTABLE_NAME = VibeStickBridge; GENERATE_INFOPLIST_FILE = NO; INFOPLIST_FILE = VibeStickBridge/Info.plist; PRODUCT_BUNDLE_IDENTIFIER = com.vibestick.bridge.agent; PRODUCT_NAME = "VibeStick Bridge"; SWIFT_STRICT_CONCURRENCY = minimal; SWIFT_VERSION = 5.0;}; name = Release; };
		AC0000000000000000000040 /* Debug */ = {isa = XCBuildConfiguration; buildSettings = {CODE_SIGN_IDENTITY = "-"; CODE_SIGN_STYLE = Manual; ENABLE_APP_SANDBOX = NO; EXECUTABLE_NAME = VibeStickHUD; GENERATE_INFOPLIST_FILE = NO; INFOPLIST_FILE = VibeStickHUD/Info.plist; PRODUCT_BUNDLE_IDENTIFIER = com.vibestick.hud.agent; PRODUCT_NAME = "VibeStick HUD"; SWIFT_STRICT_CONCURRENCY = minimal; SWIFT_VERSION = 5.0;}; name = Debug; };
		AC0000000000000000000041 /* Release */ = {isa = XCBuildConfiguration; buildSettings = {CODE_SIGN_IDENTITY = "-"; CODE_SIGN_STYLE = Manual; ENABLE_APP_SANDBOX = NO; EXECUTABLE_NAME = VibeStickHUD; GENERATE_INFOPLIST_FILE = NO; INFOPLIST_FILE = VibeStickHUD/Info.plist; PRODUCT_BUNDLE_IDENTIFIER = com.vibestick.hud.agent; PRODUCT_NAME = "VibeStick HUD"; SWIFT_STRICT_CONCURRENCY = minimal; SWIFT_VERSION = 5.0;}; name = Release; };
		AC0000000000000000000050 /* Debug */ = {isa = XCBuildConfiguration; buildSettings = {CODE_SIGN_IDENTITY = "-"; CODE_SIGN_STYLE = Manual; ENABLE_APP_SANDBOX = NO; EXECUTABLE_NAME = VibeStickPaste; GENERATE_INFOPLIST_FILE = NO; INFOPLIST_FILE = VibeStickPaste/Info.plist; PRODUCT_BUNDLE_IDENTIFIER = com.vibestick.paste; PRODUCT_NAME = "VibeStick Paste"; SWIFT_STRICT_CONCURRENCY = minimal; SWIFT_VERSION = 5.0;}; name = Debug; };
		AC0000000000000000000051 /* Release */ = {isa = XCBuildConfiguration; buildSettings = {CODE_SIGN_IDENTITY = "-"; CODE_SIGN_STYLE = Manual; ENABLE_APP_SANDBOX = NO; EXECUTABLE_NAME = VibeStickPaste; GENERATE_INFOPLIST_FILE = NO; INFOPLIST_FILE = VibeStickPaste/Info.plist; PRODUCT_BUNDLE_IDENTIFIER = com.vibestick.paste; PRODUCT_NAME = "VibeStick Paste"; SWIFT_STRICT_CONCURRENCY = minimal; SWIFT_VERSION = 5.0;}; name = Release; };
/* End XCBuildConfiguration section */

/* Begin XCConfigurationList section */
		A80000000000000000000001 /* Build configuration list for PBXNativeTarget "VibeStickForMac" */ = {isa = XCConfigurationList; buildConfigurations = (AC0000000000000000000010 /* Debug */, AC0000000000000000000011 /* Release */,); defaultConfigurationIsVisible = 0; defaultConfigurationName = Release; };
		A80000000000000000000002 /* Build configuration list for PBXNativeTarget "VibeStickForMacTests" */ = {isa = XCConfigurationList; buildConfigurations = (AC0000000000000000000020 /* Debug */, AC0000000000000000000021 /* Release */,); defaultConfigurationIsVisible = 0; defaultConfigurationName = Release; };
		A80000000000000000000003 /* Build configuration list for PBXNativeTarget "VibeStickBridge" */ = {isa = XCConfigurationList; buildConfigurations = (AC0000000000000000000030 /* Debug */, AC0000000000000000000031 /* Release */,); defaultConfigurationIsVisible = 0; defaultConfigurationName = Release; };
		A80000000000000000000004 /* Build configuration list for PBXNativeTarget "VibeStickHUD" */ = {isa = XCConfigurationList; buildConfigurations = (AC0000000000000000000040 /* Debug */, AC0000000000000000000041 /* Release */,); defaultConfigurationIsVisible = 0; defaultConfigurationName = Release; };
		A80000000000000000000005 /* Build configuration list for PBXNativeTarget "VibeStickPaste" */ = {isa = XCConfigurationList; buildConfigurations = (AC0000000000000000000050 /* Debug */, AC0000000000000000000051 /* Release */,); defaultConfigurationIsVisible = 0; defaultConfigurationName = Release; };
		A80000000000000000000006 /* Build configuration list for PBXProject "VibeStick" */ = {isa = XCConfigurationList; buildConfigurations = (AC0000000000000000000001 /* Debug */, AC0000000000000000000002 /* Release */,); defaultConfigurationIsVisible = 0; defaultConfigurationName = Release; };
/* End XCConfigurationList section */
	};
	rootObject = A40000000000000000000001 /* Project object */;
}
